// !$*UTF8*$!
{
	archiveVersion = 1;
	classes = {
	};
	objectVersion = 46;
	objects = {

/* Begin PBXBuildFile section */
		65A1A9771A9C3DEF006B8BA2 /* main.m in Sources */ = {isa = PBXBuildFile; fileRef = 65A1A9761A9C3DEF006B8BA2 /* main.m */; };
		65A1A97A1A9C3DEF006B8BA2 /* AppDelegate.m in Sources */ = {isa = PBXBuildFile; fileRef = 65A1A9791A9C3DEF006B8BA2 /* AppDelegate.m */; };
		65A1A97D1A9C3DEF006B8BA2 /* ViewController.m in Sources */ = {isa = PBXBuildFile; fileRef = 65A1A97C1A9C3DEF006B8BA2 /* ViewController.m */; };
		65A1A9801A9C3DEF006B8BA2 /* Main.storyboard in Resources */ = {isa = PBXBuildFile; fileRef = 65A1A97E1A9C3DEF006B8BA2 /* Main.storyboard */; };
		65A1A9821A9C3DEF006B8BA2 /* Images.xcassets in Resources */ = {isa = PBXBuildFile; fileRef = 65A1A9811A9C3DEF006B8BA2 /* Images.xcassets */; };
		65A1A9851A9C3DEF006B8BA2 /* LaunchScreen.xib in Resources */ = {isa = PBXBuildFile; fileRef = 65A1A9831A9C3DEF006B8BA2 /* LaunchScreen.xib */; };
		65A1A9911A9C3DEF006B8BA2 /* linkm3Tests.m in Sources */ = {isa = PBXBuildFile; fileRef = 65A1A9901A9C3DEF006B8BA2 /* linkm3Tests.m */; };
/* End PBXBuildFile section */

/* Begin PBXContainerItemProxy section */
		65A1A98B1A9C3DEF006B8BA2 /* PBXContainerItemProxy */ = {
			isa = PBXContainerItemProxy;
			containerPortal = 65A1A9691A9C3DEF006B8BA2 /* Project object */;
			proxyType = 1;
			remoteGlobalIDString = 65A1A9701A9C3DEF006B8BA2;
			remoteInfo = linkm3;
		};
/* End PBXContainerItemProxy section */

/* Begin PBXFileReference section */
		65A1A9711A9C3DEF006B8BA2 /* linkm3.app */ = {isa = PBXFileReference; explicitFileType = wrapper.application; includeInIndex = 0; path = linkm3.app; sourceTree = BUILT_PRODUCTS_DIR; };
		65A1A9751A9C3DEF006B8BA2 /* Info.plist */ = {isa = PBXFileReference; lastKnownFileType = text.plist.xml; path = Info.plist; sourceTree = "<group>"; };
		65A1A9761A9C3DEF006B8BA2 /* main.m */ = {isa = PBXFileReference; lastKnownFileType = sourcecode.c.objc; path = main.m; sourceTree = "<group>"; };
		65A1A9781A9C3DEF006B8BA2 /* AppDelegate.h */ = {isa = PBXFileReference; lastKnownFileType = sourcecode.c.h; path = AppDelegate.h; sourceTree = "<group>"; };
		65A1A9791A9C3DEF006B8BA2 /* AppDelegate.m */ = {isa = PBXFileReference; lastKnownFileType = sourcecode.c.objc; path = AppDelegate.m; sourceTree = "<group>"; };
		65A1A97B1A9C3DEF006B8BA2 /* ViewController.h */ = {isa = PBXFileReference; lastKnownFileType = sourcecode.c.h; path = ViewController.h; sourceTree = "<group>"; };
		65A1A97C1A9C3DEF006B8BA2 /* ViewController.m */ = {isa = PBXFileReference; lastKnownFileType = sourcecode.c.objc; path = ViewController.m; sourceTree = "<group>"; };
		65A1A97F1A9C3DEF006B8BA2 /* Base */ = {isa = PBXFileReference; lastKnownFileType = file.storyboard; name = Base; path = Base.lproj/Main.storyboard; sourceTree = "<group>"; };
		65A1A9811A9C3DEF006B8BA2 /* Images.xcassets */ = {isa = PBXFileReference; lastKnownFileType = folder.assetcatalog; path = Images.xcassets; sourceTree = "<group>"; };
		65A1A9841A9C3DEF006B8BA2 /* Base */ = {isa = PBXFileReference; lastKnownFileType = file.xib; name = Base; path = Base.lproj/LaunchScreen.xib; sourceTree = "<group>"; };
		65A1A98A1A9C3DEF006B8BA2 /* linkm3Tests.xctest */ = {isa = PBXFileReference; explicitFileType = wrapper.cfbundle; includeInIndex = 0; path = linkm3Tests.xctest; sourceTree = BUILT_PRODUCTS_DIR; };
		65A1A98F1A9C3DEF006B8BA2 /* Info.plist */ = {isa = PBXFileReference; lastKnownFileType = text.plist.xml; path = Info.plist; sourceTree = "<group>"; };
		65A1A9901A9C3DEF006B8BA2 /* linkm3Tests.m */ = {isa = PBXFileReference; lastKnownFileType = sourcecode.c.objc; path = linkm3Tests.m; sourceTree = "<group>"; };
/* End PBXFileReference section */

/* Begin PBXFrameworksBuildPhase section */
		65A1A96E1A9C3DEF006B8BA2 /* Frameworks */ = {
			isa = PBXFrameworksBuildPhase;
			buildActionMask = 2147483647;
			files = (
			);
			runOnlyForDeploymentPostprocessing = 0;
		};
		65A1A9871A9C3DEF006B8BA2 /* Frameworks */ = {
			isa = PBXFrameworksBuildPhase;
			buildActionMask = 2147483647;
			files = (
			);
			runOnlyForDeploymentPostprocessing = 0;
		};
/* End PBXFrameworksBuildPhase section */

/* Begin PBXGroup section */
		65A1A9681A9C3DEF006B8BA2 = {
			isa = PBXGroup;
			children = (
				65A1A9731A9C3DEF006B8BA2 /* linkm3 */,
				65A1A98D1A9C3DEF006B8BA2 /* linkm3Tests */,
				65A1A9721A9C3DEF006B8BA2 /* Products */,
			);
			sourceTree = "<group>";
		};
		65A1A9721A9C3DEF006B8BA2 /* Products */ = {
			isa = PBXGroup;
			children = (
				65A1A9711A9C3DEF006B8BA2 /* linkm3.app */,
				65A1A98A1A9C3DEF006B8BA2 /* linkm3Tests.xctest */,
			);
			name = Products;
			sourceTree = "<group>";
		};
		65A1A9731A9C3DEF006B8BA2 /* linkm3 */ = {
			isa = PBXGroup;
			children = (
				65A1A9781A9C3DEF006B8BA2 /* AppDelegate.h */,
				65A1A9791A9C3DEF006B8BA2 /* AppDelegate.m */,
				65A1A97B1A9C3DEF006B8BA2 /* ViewController.h */,
				65A1A97C1A9C3DEF006B8BA2 /* ViewController.m */,
				65A1A97E1A9C3DEF006B8BA2 /* Main.storyboard */,
				65A1A9811A9C3DEF006B8BA2 /* Images.xcassets */,
				65A1A9831A9C3DEF006B8BA2 /* LaunchScreen.xib */,
				65A1A9741A9C3DEF006B8BA2 /* Supporting Files */,
			);
			path = linkm3;
			sourceTree = "<group>";
		};
		65A1A9741A9C3DEF006B8BA2 /* Supporting Files */ = {
			isa = PBXGroup;
			children = (
				65A1A9751A9C3DEF006B8BA2 /* Info.plist */,
				65A1A9761A9C3DEF006B8BA2 /* main.m */,
			);
			name = "Supporting Files";
			sourceTree = "<group>";
		};
		65A1A98D1A9C3DEF006B8BA2 /* linkm3Tests */ = {
			isa = PBXGroup;
			children = (
				65A1A9901A9C3DEF006B8BA2 /* linkm3Tests.m */,
				65A1A98E1A9C3DEF006B8BA2 /* Supporting Files */,
			);
			path = linkm3Tests;
			sourceTree = "<group>";
		};
		65A1A98E1A9C3DEF006B8BA2 /* Supporting Files */ = {
			isa = PBXGroup;
			children = (
				65A1A98F1A9C3DEF006B8BA2 /* Info.plist */,
			);
			name = "Supporting Files";
			sourceTree = "<group>";
		};
/* End PBXGroup section */

/* Begin PBXNativeTarget section */
		65A1A9701A9C3DEF006B8BA2 /* linkm3 */ = {
			isa = PBXNativeTarget;
			buildConfigurationList = 65A1A9941A9C3DEF006B8BA2 /* Build configuration list for PBXNativeTarget "linkm3" */;
			buildPhases = (
				65A1A96D1A9C3DEF006B8BA2 /* Sources */,
				65A1A96E1A9C3DEF006B8BA2 /* Frameworks */,
				65A1A96F1A9C3DEF006B8BA2 /* Resources */,
			);
			buildRules = (
			);
			dependencies = (
			);
			name = linkm3;
			productName = linkm3;
			productReference = 65A1A9711A9C3DEF006B8BA2 /* linkm3.app */;
			productType = "com.apple.product-type.application";
		};
		65A1A9891A9C3DEF006B8BA2 /* linkm3Tests */ = {
			isa = PBXNativeTarget;
			buildConfigurationList = 65A1A9971A9C3DEF006B8BA2 /* Build configuration list for PBXNativeTarget "linkm3Tests" */;
			buildPhases = (
				65A1A9861A9C3DEF006B8BA2 /* Sources */,
				65A1A9871A9C3DEF006B8BA2 /* Frameworks */,
				65A1A9881A9C3DEF006B8BA2 /* Resources */,
			);
			buildRules = (
			);
			dependencies = (
				65A1A98C1A9C3DEF006B8BA2 /* PBXTargetDependency */,
			);
			name = linkm3Tests;
			productName = linkm3Tests;
			productReference = 65A1A98A1A9C3DEF006B8BA2 /* linkm3Tests.xctest */;
			productType = "com.apple.product-type.bundle.unit-test";
		};
/* End PBXNativeTarget section */

/* Begin PBXProject section */
		65A1A9691A9C3DEF006B8BA2 /* Project object */ = {
			isa = PBXProject;
			attributes = {
				LastUpgradeCheck = 0610;
				ORGANIZATIONNAME = "James Bradford Trask";
				TargetAttributes = {
					65A1A9701A9C3DEF006B8BA2 = {
						CreatedOnToolsVersion = 6.1.1;
					};
					65A1A9891A9C3DEF006B8BA2 = {
						CreatedOnToolsVersion = 6.1.1;
						TestTargetID = 65A1A9701A9C3DEF006B8BA2;
					};
				};
			};
			buildConfigurationList = 65A1A96C1A9C3DEF006B8BA2 /* Build configuration list for PBXProject "linkm3" */;
			compatibilityVersion = "Xcode 3.2";
			developmentRegion = English;
			hasScannedForEncodings = 0;
			knownRegions = (
				en,
				Base,
			);
			mainGroup = 65A1A9681A9C3DEF006B8BA2;
			productRefGroup = 65A1A9721A9C3DEF006B8BA2 /* Products */;
			projectDirPath = "";
			projectRoot = "";
			targets = (
				65A1A9701A9C3DEF006B8BA2 /* linkm3 */,
				65A1A9891A9C3DEF006B8BA2 /* linkm3Tests */,
			);
		};
/* End PBXProject section */

/* Begin PBXResourcesBuildPhase section */
		65A1A96F1A9C3DEF006B8BA2 /* Resources */ = {
			isa = PBXResourcesBuildPhase;
			buildActionMask = 2147483647;
			files = (
				65A1A9801A9C3DEF006B8BA2 /* Main.storyboard in Resources */,
				65A1A9851A9C3DEF006B8BA2 /* LaunchScreen.xib in Resources */,
				65A1A9821A9C3DEF006B8BA2 /* Images.xcassets in Resources */,
			);
			runOnlyForDeploymentPostprocessing = 0;
		};
		65A1A9881A9C3DEF006B8BA2 /* Resources */ = {
			isa = PBXResourcesBuildPhase;
			buildActionMask = 2147483647;
			files = (
			);
			runOnlyForDeploymentPostprocessing = 0;
		};
/* End PBXResourcesBuildPhase section */

/* Begin PBXSourcesBuildPhase section */
		65A1A96D1A9C3DEF006B8BA2 /* Sources */ = {
			isa = PBXSourcesBuildPhase;
			buildActionMask = 2147483647;
			files = (
				65A1A97D1A9C3DEF006B8BA2 /* ViewController.m in Sources */,
				65A1A97A1A9C3DEF006B8BA2 /* AppDelegate.m in Sources */,
				65A1A9771A9C3DEF006B8BA2 /* main.m in Sources */,
			);
			runOnlyForDeploymentPostprocessing = 0;
		};
		65A1A9861A9C3DEF006B8BA2 /* Sources */ = {
			isa = PBXSourcesBuildPhase;
			buildActionMask = 2147483647;
			files = (
				65A1A9911A9C3DEF006B8BA2 /* linkm3Tests.m in Sources */,
			);
			runOnlyForDeploymentPostprocessing = 0;
		};
/* End PBXSourcesBuildPhase section */

/* Begin PBXTargetDependency section */
		65A1A98C1A9C3DEF006B8BA2 /* PBXTargetDependency */ = {
			isa = PBXTargetDependency;
			target = 65A1A9701A9C3DEF006B8BA2 /* linkm3 */;
			targetProxy = 65A1A98B1A9C3DEF006B8BA2 /* PBXContainerItemProxy */;
		};
/* End PBXTargetDependency section */

/* Begin PBXVariantGroup section */
		65A1A97E1A9C3DEF006B8BA2 /* Main.storyboard */ = {
			isa = PBXVariantGroup;
			children = (
				65A1A97F1A9C3DEF006B8BA2 /* Base */,
			);
			name = Main.storyboard;
			sourceTree = "<group>";
		};
		65A1A9831A9C3DEF006B8BA2 /* LaunchScreen.xib */ = {
			isa = PBXVariantGroup;
			children = (
				65A1A9841A9C3DEF006B8BA2 /* Base */,
			);
			name = LaunchScreen.xib;
			sourceTree = "<group>";
		};
/* End PBXVariantGroup section */

/* Begin XCBuildConfiguration section */
		65A1A9921A9C3DEF006B8BA2 /* Debug */ = {
			isa = XCBuildConfiguration;
			buildSettings = {
				ALWAYS_SEARCH_USER_PATHS = NO;
				CLANG_CXX_LANGUAGE_STANDARD = "gnu++0x";
				CLANG_CXX_LIBRARY = "libc++";
				CLANG_ENABLE_MODULES = YES;
				CLANG_ENABLE_OBJC_ARC = YES;
				CLANG_WARN_BOOL_CONVERSION = YES;
				CLANG_WARN_CONSTANT_CONVERSION = YES;
				CLANG_WARN_DIRECT_OBJC_ISA_USAGE = YES_ERROR;
				CLANG_WARN_EMPTY_BODY = YES;
				CLANG_WARN_ENUM_CONVERSION = YES;
				CLANG_WARN_INT_CONVERSION = YES;
				CLANG_WARN_OBJC_ROOT_CLASS = YES_ERROR;
				CLANG_WARN_UNREACHABLE_CODE = YES;
				CLANG_WARN__DUPLICATE_METHOD_MATCH = YES;
				"CODE_SIGN_IDENTITY[sdk=iphoneos*]" = "iPhone Developer";
				COPY_PHASE_STRIP = NO;
				ENABLE_STRICT_OBJC_MSGSEND = YES;
				GCC_C_LANGUAGE_STANDARD = gnu99;
				GCC_DYNAMIC_NO_PIC = NO;
				GCC_OPTIMIZATION_LEVEL = 0;
				GCC_PREPROCESSOR_DEFINITIONS = (
					"DEBUG=1",
					"$(inherited)",
				);
				GCC_SYMBOLS_PRIVATE_EXTERN = NO;
				GCC_WARN_64_TO_32_BIT_CONVERSION = YES;
				GCC_WARN_ABOUT_RETURN_TYPE = YES_ERROR;
				GCC_WARN_UNDECLARED_SELECTOR = YES;
				GCC_WARN_UNINITIALIZED_AUTOS = YES_AGGRESSIVE;
				GCC_WARN_UNUSED_FUNCTION = YES;
				GCC_WARN_UNUSED_VARIABLE = YES;
				IPHONEOS_DEPLOYMENT_TARGET = 8.1;
				MTL_ENABLE_DEBUG_INFO = YES;
				ONLY_ACTIVE_ARCH = YES;
				SDKROOT = iphoneos;
				TARGETED_DEVICE_FAMILY = "1,2";
			};
			name = Debug;
		};
		65A1A9931A9C3DEF006B8BA2 /* Release */ = {
			isa = XCBuildConfiguration;
			buildSettings = {
				ALWAYS_SEARCH_USER_PATHS = NO;
				CLANG_CXX_LANGUAGE_STANDARD = "gnu++0x";
				CLANG_CXX_LIBRARY = "libc++";
				CLANG_ENABLE_MODULES = YES;
				CLANG_ENABLE_OBJC_ARC = YES;
				CLANG_WARN_BOOL_CONVERSION = YES;
				CLANG_WARN_CONSTANT_CONVERSION = YES;
				CLANG_WARN_DIRECT_OBJC_ISA_USAGE = YES_ERROR;
				CLANG_WARN_EMPTY_BODY = YES;
				CLANG_WARN_ENUM_CONVERSION = YES;
				CLANG_WARN_INT_CONVERSION = YES;
				CLANG_WARN_OBJC_ROOT_CLASS = YES_ERROR;
				CLANG_WARN_UNREACHABLE_CODE = YES;
				CLANG_WARN__DUPLICATE_METHOD_MATCH = YES;
				"CODE_SIGN_IDENTITY[sdk=iphoneos*]" = "iPhone Developer";
				COPY_PHASE_STRIP = YES;
				ENABLE_NS_ASSERTIONS = NO;
				ENABLE_STRICT_OBJC_MSGSEND = YES;
				GCC_C_LANGUAGE_STANDARD = gnu99;
				GCC_WARN_64_TO_32_BIT_CONVERSION = YES;
				GCC_WARN_ABOUT_RETURN_TYPE = YES_ERROR;
				GCC_WARN_UNDECLARED_SELECTOR = YES;
				GCC_WARN_UNINITIALIZED_AUTOS = YES_AGGRESSIVE;
				GCC_WARN_UNUSED_FUNCTION = YES;
				GCC_WARN_UNUSED_VARIABLE = YES;
				IPHONEOS_DEPLOYMENT_TARGET = 8.1;
				MTL_ENABLE_DEBUG_INFO = NO;
				SDKROOT = iphoneos;
				TARGETED_DEVICE_FAMILY = "1,2";
				VALIDATE_PRODUCT = YES;
			};
			name = Release;
		};
		65A1A9951A9C3DEF006B8BA2 /* Debug */ = {
			isa = XCBuildConfiguration;
			buildSettings = {
				ASSETCATALOG_COMPILER_APPICON_NAME = AppIcon;
				INFOPLIST_FILE = linkm3/Info.plist;
				IPHONEOS_DEPLOYMENT_TARGET = 8.1;
				LD_RUNPATH_SEARCH_PATHS = "$(inherited) @executable_path/Frameworks";
				PRODUCT_NAME = "$(TARGET_NAME)";
			};
			name = Debug;
		};
		65A1A9961A9C3DEF006B8BA2 /* Release */ = {
			isa = XCBuildConfiguration;
			buildSettings = {
				ASSETCATALOG_COMPILER_APPICON_NAME = AppIcon;
				INFOPLIST_FILE = linkm3/Info.plist;
				IPHONEOS_DEPLOYMENT_TARGET = 8.1;
				LD_RUNPATH_SEARCH_PATHS = "$(inherited) @executable_path/Frameworks";
				PRODUCT_NAME = "$(TARGET_NAME)";
			};
			name = Release;
		};
		65A1A9981A9C3DEF006B8BA2 /* Debug */ = {
			isa = XCBuildConfiguration;
			buildSettings = {
				BUNDLE_LOADER = "$(TEST_HOST)";
				FRAMEWORK_SEARCH_PATHS = (
					"$(SDKROOT)/Developer/Library/Frameworks",
					"$(inherited)",
				);
				GCC_PREPROCESSOR_DEFINITIONS = (
					"DEBUG=1",
					"$(inherited)",
				);
				INFOPLIST_FILE = linkm3Tests/Info.plist;
				LD_RUNPATH_SEARCH_PATHS = "$(inherited) @executable_path/Frameworks @loader_path/Frameworks";
				PRODUCT_NAME = "$(TARGET_NAME)";
				TEST_HOST = "$(BUILT_PRODUCTS_DIR)/linkm3.app/linkm3";
			};
			name = Debug;
		};
		65A1A9991A9C3DEF006B8BA2 /* Release */ = {
			isa = XCBuildConfiguration;
			buildSettings = {
				BUNDLE_LOADER = "$(TEST_HOST)";
				FRAMEWORK_SEARCH_PATHS = (
					"$(SDKROOT)/Developer/Library/Frameworks",
					"$(inherited)",
				);
				INFOPLIST_FILE = linkm3Tests/Info.plist;
				LD_RUNPATH_SEARCH_PATHS = "$(inherited) @executable_path/Frameworks @loader_path/Frameworks";
				PRODUCT_NAME = "$(TARGET_NAME)";
				TEST_HOST = "$(BUILT_PRODUCTS_DIR)/linkm3.app/linkm3";
			};
			name = Release;
		};
/* End XCBuildConfiguration section */

/* Begin XCConfigurationList section */
		65A1A96C1A9C3DEF006B8BA2 /* Build configuration list for PBXProject "linkm3" */ = {
			isa = XCConfigurationList;
			buildConfigurations = (
				65A1A9921A9C3DEF006B8BA2 /* Debug */,
				65A1A9931A9C3DEF006B8BA2 /* Release */,
			);
			defaultConfigurationIsVisible = 0;
			defaultConfigurationName = Release;
		};
		65A1A9941A9C3DEF006B8BA2 /* Build configuration list for PBXNativeTarget "linkm3" */ = {
			isa = XCConfigurationList;
			buildConfigurations = (
				65A1A9951A9C3DEF006B8BA2 /* Debug */,
				65A1A9961A9C3DEF006B8BA2 /* Release */,
			);
			defaultConfigurationIsVisible = 0;
		};
		65A1A9971A9C3DEF006B8BA2 /* Build configuration list for PBXNativeTarget "linkm3Tests" */ = {
			isa = XCConfigurationList;
			buildConfigurations = (
				65A1A9981A9C3DEF006B8BA2 /* Debug */,
				65A1A9991A9C3DEF006B8BA2 /* Release */,
			);
			defaultConfigurationIsVisible = 0;
		};
/* End XCConfigurationList section */
	};
	rootObject = 65A1A9691A9C3DEF006B8BA2 /* Project object */;
}
